// !$*UTF8*$!
{
	archiveVersion = 1;
	classes = {
	};
	objectVersion = 56;
	objects = {

/* Begin PBXBuildFile section */
		78C100422CAB88CD00DE625D /* JobSimpleApp.swift in Sources */ = {isa = PBXBuildFile; fileRef = 78C100412CAB88CD00DE625D /* JobSimpleApp.swift */; };
		78C100442CAB88CD00DE625D /* ContentView.swift in Sources */ = {isa = PBXBuildFile; fileRef = 78C100432CAB88CD00DE625D /* ContentView.swift */; };
		78C100462CAB88D000DE625D /* Assets.xcassets in Resources */ = {isa = PBXBuildFile; fileRef = 78C100452CAB88D000DE625D /* Assets.xcassets */; };
		78C1004A2CAB88D000DE625D /* Preview Assets.xcassets in Resources */ = {isa = PBXBuildFile; fileRef = 78C100492CAB88D000DE625D /* Preview Assets.xcassets */; };
		78C100542CAB88D000DE625D /* JobSimpleTests.swift in Sources */ = {isa = PBXBuildFile; fileRef = 78C100532CAB88D000DE625D /* JobSimpleTests.swift */; };
		78C1005E2CAB88D000DE625D /* JobSimpleUITests.swift in Sources */ = {isa = PBXBuildFile; fileRef = 78C1005D2CAB88D000DE625D /* JobSimpleUITests.swift */; };
		78C100602CAB88D000DE625D /* JobSimpleUITestsLaunchTests.swift in Sources */ = {isa = PBXBuildFile; fileRef = 78C1005F2CAB88D000DE625D /* JobSimpleUITestsLaunchTests.swift */; };
		78C100712CAB8A1E00DE625D /* JobRowView.swift in Sources */ = {isa = PBXBuildFile; fileRef = 78C1006C2CAB8A1D00DE625D /* JobRowView.swift */; };
		78C100722CAB8A1E00DE625D /* MainJobView.swift in Sources */ = {isa = PBXBuildFile; fileRef = 78C1006D2CAB8A1D00DE625D /* MainJobView.swift */; };
		78C100732CAB8A1E00DE625D /* JobModel.swift in Sources */ = {isa = PBXBuildFile; fileRef = 78C1006E2CAB8A1D00DE625D /* JobModel.swift */; };
		78C100742CAB8A1E00DE625D /* LoginSignupView.swift in Sources */ = {isa = PBXBuildFile; fileRef = 78C1006F2CAB8A1E00DE625D /* LoginSignupView.swift */; };
		78C100752CAB8A1E00DE625D /* AddJobView.swift in Sources */ = {isa = PBXBuildFile; fileRef = 78C100702CAB8A1E00DE625D /* AddJobView.swift */; };
		78C100782CAB8B0300DE625D /* FirebaseAnalytics in Frameworks */ = {isa = PBXBuildFile; productRef = 78C100772CAB8B0300DE625D /* FirebaseAnalytics */; };
		78C1007A2CAB8B0300DE625D /* FirebaseAnalyticsOnDeviceConversion in Frameworks */ = {isa = PBXBuildFile; productRef = 78C100792CAB8B0300DE625D /* FirebaseAnalyticsOnDeviceConversion */; };
		78C1007C2CAB8B0300DE625D /* FirebaseAnalyticsSwift in Frameworks */ = {isa = PBXBuildFile; productRef = 78C1007B2CAB8B0300DE625D /* FirebaseAnalyticsSwift */; };
		78C1007E2CAB8B0300DE625D /* FirebaseAnalyticsWithoutAdIdSupport in Frameworks */ = {isa = PBXBuildFile; productRef = 78C1007D2CAB8B0300DE625D /* FirebaseAnalyticsWithoutAdIdSupport */; };
		78C100802CAB8B0300DE625D /* FirebaseAppCheck in Frameworks */ = {isa = PBXBuildFile; productRef = 78C1007F2CAB8B0300DE625D /* FirebaseAppCheck */; };
		78C100822CAB8B0300DE625D /* FirebaseAppDistribution-Beta in Frameworks */ = {isa = PBXBuildFile; productRef = 78C100812CAB8B0300DE625D /* FirebaseAppDistribution-Beta */; };
		78C100842CAB8B0300DE625D /* FirebaseAuth in Frameworks */ = {isa = PBXBuildFile; productRef = 78C100832CAB8B0300DE625D /* FirebaseAuth */; };
		78C100862CAB8B0300DE625D /* FirebaseAuthCombine-Community in Frameworks */ = {isa = PBXBuildFile; productRef = 78C100852CAB8B0300DE625D /* FirebaseAuthCombine-Community */; };
		78C100882CAB8B0300DE625D /* FirebaseCrashlytics in Frameworks */ = {isa = PBXBuildFile; productRef = 78C100872CAB8B0300DE625D /* FirebaseCrashlytics */; };
		78C1008A2CAB8B0300DE625D /* FirebaseDatabase in Frameworks */ = {isa = PBXBuildFile; productRef = 78C100892CAB8B0300DE625D /* FirebaseDatabase */; };
		78C1008C2CAB8B0300DE625D /* FirebaseDatabaseSwift in Frameworks */ = {isa = PBXBuildFile; productRef = 78C1008B2CAB8B0300DE625D /* FirebaseDatabaseSwift */; };
		78C1008E2CAB8B0300DE625D /* FirebaseDynamicLinks in Frameworks */ = {isa = PBXBuildFile; productRef = 78C1008D2CAB8B0300DE625D /* FirebaseDynamicLinks */; };
		78C100902CAB8B0300DE625D /* FirebaseFirestore in Frameworks */ = {isa = PBXBuildFile; productRef = 78C1008F2CAB8B0300DE625D /* FirebaseFirestore */; };
		78C100922CAB8B0300DE625D /* FirebaseFirestoreCombine-Community in Frameworks */ = {isa = PBXBuildFile; productRef = 78C100912CAB8B0300DE625D /* FirebaseFirestoreCombine-Community */; };
		78C100942CAB8B0300DE625D /* FirebaseFirestoreSwift in Frameworks */ = {isa = PBXBuildFile; productRef = 78C100932CAB8B0300DE625D /* FirebaseFirestoreSwift */; };
		78C100962CAB8B0300DE625D /* FirebaseFunctions in Frameworks */ = {isa = PBXBuildFile; productRef = 78C100952CAB8B0300DE625D /* FirebaseFunctions */; };
		78C100982CAB8B0300DE625D /* FirebaseFunctionsCombine-Community in Frameworks */ = {isa = PBXBuildFile; productRef = 78C100972CAB8B0300DE625D /* FirebaseFunctionsCombine-Community */; };
		78C1009A2CAB8B0300DE625D /* FirebaseInAppMessaging-Beta in Frameworks */ = {isa = PBXBuildFile; productRef = 78C100992CAB8B0300DE625D /* FirebaseInAppMessaging-Beta */; };
		78C1009C2CAB8B0300DE625D /* FirebaseInAppMessagingSwift-Beta in Frameworks */ = {isa = PBXBuildFile; productRef = 78C1009B2CAB8B0300DE625D /* FirebaseInAppMessagingSwift-Beta */; };
		78C1009E2CAB8B0300DE625D /* FirebaseInstallations in Frameworks */ = {isa = PBXBuildFile; productRef = 78C1009D2CAB8B0300DE625D /* FirebaseInstallations */; };
		78C100A02CAB8B0300DE625D /* FirebaseMLModelDownloader in Frameworks */ = {isa = PBXBuildFile; productRef = 78C1009F2CAB8B0300DE625D /* FirebaseMLModelDownloader */; };
		78C100A22CAB8B0300DE625D /* FirebaseMessaging in Frameworks */ = {isa = PBXBuildFile; productRef = 78C100A12CAB8B0300DE625D /* FirebaseMessaging */; };
		78C100A42CAB8B0300DE625D /* FirebasePerformance in Frameworks */ = {isa = PBXBuildFile; productRef = 78C100A32CAB8B0300DE625D /* FirebasePerformance */; };
		78C100A62CAB8B0300DE625D /* FirebaseRemoteConfig in Frameworks */ = {isa = PBXBuildFile; productRef = 78C100A52CAB8B0300DE625D /* FirebaseRemoteConfig */; };
		78C100A82CAB8B0300DE625D /* FirebaseRemoteConfigSwift in Frameworks */ = {isa = PBXBuildFile; productRef = 78C100A72CAB8B0300DE625D /* FirebaseRemoteConfigSwift */; };
		78C100AA2CAB8B0300DE625D /* FirebaseStorage in Frameworks */ = {isa = PBXBuildFile; productRef = 78C100A92CAB8B0300DE625D /* FirebaseStorage */; };
		78C100AC2CAB8B0300DE625D /* FirebaseStorageCombine-Community in Frameworks */ = {isa = PBXBuildFile; productRef = 78C100AB2CAB8B0300DE625D /* FirebaseStorageCombine-Community */; };
		78C100AE2CAB94B700DE625D /* GoogleService-Info.plist in Resources */ = {isa = PBXBuildFile; fileRef = 78C100AD2CAB94B600DE625D /* GoogleService-Info.plist */; };
/* End PBXBuildFile section */

/* Begin PBXContainerItemProxy section */
		78C100502CAB88D000DE625D /* PBXContainerItemProxy */ = {
			isa = PBXContainerItemProxy;
			containerPortal = 78C100362CAB88CD00DE625D /* Project object */;
			proxyType = 1;
			remoteGlobalIDString = 78C1003D2CAB88CD00DE625D;
			remoteInfo = JobSimple;
		};
		78C1005A2CAB88D000DE625D /* PBXContainerItemProxy */ = {
			isa = PBXContainerItemProxy;
			containerPortal = 78C100362CAB88CD00DE625D /* Project object */;
			proxyType = 1;
			remoteGlobalIDString = 78C1003D2CAB88CD00DE625D;
			remoteInfo = JobSimple;
		};
/* End PBXContainerItemProxy section */

/* Begin PBXFileReference section */
		78C1003E2CAB88CD00DE625D /* JobSimple.app */ = {isa = PBXFileReference; explicitFileType = wrapper.application; includeInIndex = 0; path = JobSimple.app; sourceTree = BUILT_PRODUCTS_DIR; };
		78C100412CAB88CD00DE625D /* JobSimpleApp.swift */ = {isa = PBXFileReference; lastKnownFileType = sourcecode.swift; path = JobSimpleApp.swift; sourceTree = "<group>"; };
		78C100432CAB88CD00DE625D /* ContentView.swift */ = {isa = PBXFileReference; lastKnownFileType = sourcecode.swift; path = ContentView.swift; sourceTree = "<group>"; };
		78C100452CAB88D000DE625D /* Assets.xcassets */ = {isa = PBXFileReference; lastKnownFileType = folder.assetcatalog; path = Assets.xcassets; sourceTree = "<group>"; };
		78C100472CAB88D000DE625D /* JobSimple.entitlements */ = {isa = PBXFileReference; lastKnownFileType = text.plist.entitlements; path = JobSimple.entitlements; sourceTree = "<group>"; };
		78C100492CAB88D000DE625D /* Preview Assets.xcassets */ = {isa = PBXFileReference; lastKnownFileType = folder.assetcatalog; path = "Preview Assets.xcassets"; sourceTree = "<group>"; };
		78C1004F2CAB88D000DE625D /* JobSimpleTests.xctest */ = {isa = PBXFileReference; explicitFileType = wrapper.cfbundle; includeInIndex = 0; path = JobSimpleTests.xctest; sourceTree = BUILT_PRODUCTS_DIR; };
		78C100532CAB88D000DE625D /* JobSimpleTests.swift */ = {isa = PBXFileReference; lastKnownFileType = sourcecode.swift; path = JobSimpleTests.swift; sourceTree = "<group>"; };
		78C100592CAB88D000DE625D /* JobSimpleUITests.xctest */ = {isa = PBXFileReference; explicitFileType = wrapper.cfbundle; includeInIndex = 0; path = JobSimpleUITests.xctest; sourceTree = BUILT_PRODUCTS_DIR; };
		78C1005D2CAB88D000DE625D /* JobSimpleUITests.swift */ = {isa = PBXFileReference; lastKnownFileType = sourcecode.swift; path = JobSimpleUITests.swift; sourceTree = "<group>"; };
		78C1005F2CAB88D000DE625D /* JobSimpleUITestsLaunchTests.swift */ = {isa = PBXFileReference; lastKnownFileType = sourcecode.swift; path = JobSimpleUITestsLaunchTests.swift; sourceTree = "<group>"; };
		78C1006C2CAB8A1D00DE625D /* JobRowView.swift */ = {isa = PBXFileReference; fileEncoding = 4; lastKnownFileType = sourcecode.swift; path = JobRowView.swift; sourceTree = "<group>"; };
		78C1006D2CAB8A1D00DE625D /* MainJobView.swift */ = {isa = PBXFileReference; fileEncoding = 4; lastKnownFileType = sourcecode.swift; path = MainJobView.swift; sourceTree = "<group>"; };
		78C1006E2CAB8A1D00DE625D /* JobModel.swift */ = {isa = PBXFileReference; fileEncoding = 4; lastKnownFileType = sourcecode.swift; path = JobModel.swift; sourceTree = "<group>"; };
		78C1006F2CAB8A1E00DE625D /* LoginSignupView.swift */ = {isa = PBXFileReference; fileEncoding = 4; lastKnownFileType = sourcecode.swift; path = LoginSignupView.swift; sourceTree = "<group>"; };
		78C100702CAB8A1E00DE625D /* AddJobView.swift */ = {isa = PBXFileReference; fileEncoding = 4; lastKnownFileType = sourcecode.swift; path = AddJobView.swift; sourceTree = "<group>"; };
		78C100AD2CAB94B600DE625D /* GoogleService-Info.plist */ = {isa = PBXFileReference; fileEncoding = 4; lastKnownFileType = text.plist.xml; path = "GoogleService-Info.plist"; sourceTree = "<group>"; };
/* End PBXFileReference section */

/* Begin PBXFrameworksBuildPhase section */
		78C1003B2CAB88CD00DE625D /* Frameworks */ = {
			isa = PBXFrameworksBuildPhase;
			buildActionMask = 2147483647;
			files = (
				78C1008A2CAB8B0300DE625D /* FirebaseDatabase in Frameworks */,
				78C100982CAB8B0300DE625D /* FirebaseFunctionsCombine-Community in Frameworks */,
				78C100902CAB8B0300DE625D /* FirebaseFirestore in Frameworks */,
				78C1007C2CAB8B0300DE625D /* FirebaseAnalyticsSwift in Frameworks */,
				78C100782CAB8B0300DE625D /* FirebaseAnalytics in Frameworks */,
				78C1007A2CAB8B0300DE625D /* FirebaseAnalyticsOnDeviceConversion in Frameworks */,
				78C100A02CAB8B0300DE625D /* FirebaseMLModelDownloader in Frameworks */,
				78C100942CAB8B0300DE625D /* FirebaseFirestoreSwift in Frameworks */,
				78C100802CAB8B0300DE625D /* FirebaseAppCheck in Frameworks */,
				78C1007E2CAB8B0300DE625D /* FirebaseAnalyticsWithoutAdIdSupport in Frameworks */,
				78C100842CAB8B0300DE625D /* FirebaseAuth in Frameworks */,
				78C100882CAB8B0300DE625D /* FirebaseCrashlytics in Frameworks */,
				78C100A82CAB8B0300DE625D /* FirebaseRemoteConfigSwift in Frameworks */,
				78C1009A2CAB8B0300DE625D /* FirebaseInAppMessaging-Beta in Frameworks */,
				78C1008C2CAB8B0300DE625D /* FirebaseDatabaseSwift in Frameworks */,
				78C100962CAB8B0300DE625D /* FirebaseFunctions in Frameworks */,
				78C100AC2CAB8B0300DE625D /* FirebaseStorageCombine-Community in Frameworks */,
				78C100A62CAB8B0300DE625D /* FirebaseRemoteConfig in Frameworks */,
				78C100822CAB8B0300DE625D /* FirebaseAppDistribution-Beta in Frameworks */,
				78C100862CAB8B0300DE625D /* FirebaseAuthCombine-Community in Frameworks */,
				78C100A42CAB8B0300DE625D /* FirebasePerformance in Frameworks */,
				78C1009C2CAB8B0300DE625D /* FirebaseInAppMessagingSwift-Beta in Frameworks */,
				78C100AA2CAB8B0300DE625D /* FirebaseStorage in Frameworks */,
				78C1008E2CAB8B0300DE625D /* FirebaseDynamicLinks in Frameworks */,
				78C100922CAB8B0300DE625D /* FirebaseFirestoreCombine-Community in Frameworks */,
				78C100A22CAB8B0300DE625D /* FirebaseMessaging in Frameworks */,
				78C1009E2CAB8B0300DE625D /* FirebaseInstallations in Frameworks */,
			);
			runOnlyForDeploymentPostprocessing = 0;
		};
		78C1004C2CAB88D000DE625D /* Frameworks */ = {
			isa = PBXFrameworksBuildPhase;
			buildActionMask = 2147483647;
			files = (
			);
			runOnlyForDeploymentPostprocessing = 0;
		};
		78C100562CAB88D000DE625D /* Frameworks */ = {
			isa = PBXFrameworksBuildPhase;
			buildActionMask = 2147483647;
			files = (
			);
			runOnlyForDeploymentPostprocessing = 0;
		};
/* End PBXFrameworksBuildPhase section */

/* Begin PBXGroup section */
		78C100352CAB88CD00DE625D = {
			isa = PBXGroup;
			children = (
				78C100402CAB88CD00DE625D /* JobSimple */,
				78C100522CAB88D000DE625D /* JobSimpleTests */,
				78C1005C2CAB88D000DE625D /* JobSimpleUITests */,
				78C1003F2CAB88CD00DE625D /* Products */,
			);
			sourceTree = "<group>";
		};
		78C1003F2CAB88CD00DE625D /* Products */ = {
			isa = PBXGroup;
			children = (
				78C1003E2CAB88CD00DE625D /* JobSimple.app */,
				78C1004F2CAB88D000DE625D /* JobSimpleTests.xctest */,
				78C100592CAB88D000DE625D /* JobSimpleUITests.xctest */,
			);
			name = Products;
			sourceTree = "<group>";
		};
		78C100402CAB88CD00DE625D /* JobSimple */ = {
			isa = PBXGroup;
			children = (
				78C100412CAB88CD00DE625D /* JobSimpleApp.swift */,
				78C100432CAB88CD00DE625D /* ContentView.swift */,
				78C100AD2CAB94B600DE625D /* GoogleService-Info.plist */,
				78C100452CAB88D000DE625D /* Assets.xcassets */,
				78C100472CAB88D000DE625D /* JobSimple.entitlements */,
				78C100702CAB8A1E00DE625D /* AddJobView.swift */,
				78C1006E2CAB8A1D00DE625D /* JobModel.swift */,
				78C1006C2CAB8A1D00DE625D /* JobRowView.swift */,
				78C1006F2CAB8A1E00DE625D /* LoginSignupView.swift */,
				78C1006D2CAB8A1D00DE625D /* MainJobView.swift */,
				78C100482CAB88D000DE625D /* Preview Content */,
			);
			path = JobSimple;
			sourceTree = "<group>";
		};
		78C100482CAB88D000DE625D /* Preview Content */ = {
			isa = PBXGroup;
			children = (
				78C100492CAB88D000DE625D /* Preview Assets.xcassets */,
			);
			path = "Preview Content";
			sourceTree = "<group>";
		};
		78C100522CAB88D000DE625D /* JobSimpleTests */ = {
			isa = PBXGroup;
			children = (
				78C100532CAB88D000DE625D /* JobSimpleTests.swift */,
			);
			path = JobSimpleTests;
			sourceTree = "<group>";
		};
		78C1005C2CAB88D000DE625D /* JobSimpleUITests */ = {
			isa = PBXGroup;
			children = (
				78C1005D2CAB88D000DE625D /* JobSimpleUITests.swift */,
				78C1005F2CAB88D000DE625D /* JobSimpleUITestsLaunchTests.swift */,
			);
			path = JobSimpleUITests;
			sourceTree = "<group>";
		};
/* End PBXGroup section */

/* Begin PBXNativeTarget section */
		78C1003D2CAB88CD00DE625D /* JobSimple */ = {
			isa = PBXNativeTarget;
			buildConfigurationList = 78C100632CAB88D000DE625D /* Build configuration list for PBXNativeTarget "JobSimple" */;
			buildPhases = (
				78C1003A2CAB88CD00DE625D /* Sources */,
				78C1003B2CAB88CD00DE625D /* Frameworks */,
				78C1003C2CAB88CD00DE625D /* Resources */,
			);
			buildRules = (
			);
			dependencies = (
			);
			name = JobSimple;
			packageProductDependencies = (
				78C100772CAB8B0300DE625D /* FirebaseAnalytics */,
				78C100792CAB8B0300DE625D /* FirebaseAnalyticsOnDeviceConversion */,
				78C1007B2CAB8B0300DE625D /* FirebaseAnalyticsSwift */,
				78C1007D2CAB8B0300DE625D /* FirebaseAnalyticsWithoutAdIdSupport */,
				78C1007F2CAB8B0300DE625D /* FirebaseAppCheck */,
				78C100812CAB8B0300DE625D /* FirebaseAppDistribution-Beta */,
				78C100832CAB8B0300DE625D /* FirebaseAuth */,
				78C100852CAB8B0300DE625D /* FirebaseAuthCombine-Community */,
				78C100872CAB8B0300DE625D /* FirebaseCrashlytics */,
				78C100892CAB8B0300DE625D /* FirebaseDatabase */,
				78C1008B2CAB8B0300DE625D /* FirebaseDatabaseSwift */,
				78C1008D2CAB8B0300DE625D /* FirebaseDynamicLinks */,
				78C1008F2CAB8B0300DE625D /* FirebaseFirestore */,
				78C100912CAB8B0300DE625D /* FirebaseFirestoreCombine-Community */,
				78C100932CAB8B0300DE625D /* FirebaseFirestoreSwift */,
				78C100952CAB8B0300DE625D /* FirebaseFunctions */,
				78C100972CAB8B0300DE625D /* FirebaseFunctionsCombine-Community */,
				78C100992CAB8B0300DE625D /* FirebaseInAppMessaging-Beta */,
				78C1009B2CAB8B0300DE625D /* FirebaseInAppMessagingSwift-Beta */,
				78C1009D2CAB8B0300DE625D /* FirebaseInstallations */,
				78C1009F2CAB8B0300DE625D /* FirebaseMLModelDownloader */,
				78C100A12CAB8B0300DE625D /* FirebaseMessaging */,
				78C100A32CAB8B0300DE625D /* FirebasePerformance */,
				78C100A52CAB8B0300DE625D /* FirebaseRemoteConfig */,
				78C100A72CAB8B0300DE625D /* FirebaseRemoteConfigSwift */,
				78C100A92CAB8B0300DE625D /* FirebaseStorage */,
				78C100AB2CAB8B0300DE625D /* FirebaseStorageCombine-Community */,
			);
			productName = JobSimple;
			productReference = 78C1003E2CAB88CD00DE625D /* JobSimple.app */;
			productType = "com.apple.product-type.application";
		};
		78C1004E2CAB88D000DE625D /* JobSimpleTests */ = {
			isa = PBXNativeTarget;
			buildConfigurationList = 78C100662CAB88D000DE625D /* Build configuration list for PBXNativeTarget "JobSimpleTests" */;
			buildPhases = (
				78C1004B2CAB88D000DE625D /* Sources */,
				78C1004C2CAB88D000DE625D /* Frameworks */,
				78C1004D2CAB88D000DE625D /* Resources */,
			);
			buildRules = (
			);
			dependencies = (
				78C100512CAB88D000DE625D /* PBXTargetDependency */,
			);
			name = JobSimpleTests;
			productName = JobSimpleTests;
			productReference = 78C1004F2CAB88D000DE625D /* JobSimpleTests.xctest */;
			productType = "com.apple.product-type.bundle.unit-test";
		};
		78C100582CAB88D000DE625D /* JobSimpleUITests */ = {
			isa = PBXNativeTarget;
			buildConfigurationList = 78C100692CAB88D000DE625D /* Build configuration list for PBXNativeTarget "JobSimpleUITests" */;
			buildPhases = (
				78C100552CAB88D000DE625D /* Sources */,
				78C100562CAB88D000DE625D /* Frameworks */,
				78C100572CAB88D000DE625D /* Resources */,
			);
			buildRules = (
			);
			dependencies = (
				78C1005B2CAB88D000DE625D /* PBXTargetDependency */,
			);
			name = JobSimpleUITests;
			productName = JobSimpleUITests;
			productReference = 78C100592CAB88D000DE625D /* JobSimpleUITests.xctest */;
			productType = "com.apple.product-type.bundle.ui-testing";
		};
/* End PBXNativeTarget section */

/* Begin PBXProject section */
		78C100362CAB88CD00DE625D /* Project object */ = {
			isa = PBXProject;
			attributes = {
				BuildIndependentTargetsInParallel = 1;
				LastSwiftUpdateCheck = 1430;
				LastUpgradeCheck = 1430;
				TargetAttributes = {
					78C1003D2CAB88CD00DE625D = {
						CreatedOnToolsVersion = 14.3.1;
					};
					78C1004E2CAB88D000DE625D = {
						CreatedOnToolsVersion = 14.3.1;
						TestTargetID = 78C1003D2CAB88CD00DE625D;
					};
					78C100582CAB88D000DE625D = {
						CreatedOnToolsVersion = 14.3.1;
						TestTargetID = 78C1003D2CAB88CD00DE625D;
					};
				};
			};
			buildConfigurationList = 78C100392CAB88CD00DE625D /* Build configuration list for PBXProject "JobSimple" */;
			compatibilityVersion = "Xcode 14.0";
			developmentRegion = en;
			hasScannedForEncodings = 0;
			knownRegions = (
				en,
				Base,
			);
			mainGroup = 78C100352CAB88CD00DE625D;
			packageReferences = (
				78C100762CAB8B0300DE625D /* XCRemoteSwiftPackageReference "firebase-ios-sdk" */,
			);
			productRefGroup = 78C1003F2CAB88CD00DE625D /* Products */;
			projectDirPath = "";
			projectRoot = "";
			targets = (
				78C1003D2CAB88CD00DE625D /* JobSimple */,
				78C1004E2CAB88D000DE625D /* JobSimpleTests */,
				78C100582CAB88D000DE625D /* JobSimpleUITests */,
			);
		};
/* End PBXProject section */

/* Begin PBXResourcesBuildPhase section */
		78C1003C2CAB88CD00DE625D /* Resources */ = {
			isa = PBXResourcesBuildPhase;
			buildActionMask = 2147483647;
			files = (
				78C1004A2CAB88D000DE625D /* Preview Assets.xcassets in Resources */,
				78C100462CAB88D000DE625D /* Assets.xcassets in Resources */,
				78C100AE2CAB94B700DE625D /* GoogleService-Info.plist in Resources */,
			);
			runOnlyForDeploymentPostprocessing = 0;
		};
		78C1004D2CAB88D000DE625D /* Resources */ = {
			isa = PBXResourcesBuildPhase;
			buildActionMask = 2147483647;
			files = (
			);
			runOnlyForDeploymentPostprocessing = 0;
		};
		78C100572CAB88D000DE625D /* Resources */ = {
			isa = PBXResourcesBuildPhase;
			buildActionMask = 2147483647;
			files = (
			);
			runOnlyForDeploymentPostprocessing = 0;
		};
/* End PBXResourcesBuildPhase section */

/* Begin PBXSourcesBuildPhase section */
		78C1003A2CAB88CD00DE625D /* Sources */ = {
			isa = PBXSourcesBuildPhase;
			buildActionMask = 2147483647;
			files = (
				78C100742CAB8A1E00DE625D /* LoginSignupView.swift in Sources */,
				78C100442CAB88CD00DE625D /* ContentView.swift in Sources */,
				78C100732CAB8A1E00DE625D /* JobModel.swift in Sources */,
				78C100752CAB8A1E00DE625D /* AddJobView.swift in Sources */,
				78C100422CAB88CD00DE625D /* JobSimpleApp.swift in Sources */,
				78C100712CAB8A1E00DE625D /* JobRowView.swift in Sources */,
				78C100722CAB8A1E00DE625D /* MainJobView.swift in Sources */,
			);
			runOnlyForDeploymentPostprocessing = 0;
		};
		78C1004B2CAB88D000DE625D /* Sources */ = {
			isa = PBXSourcesBuildPhase;
			buildActionMask = 2147483647;
			files = (
				78C100542CAB88D000DE625D /* JobSimpleTests.swift in Sources */,
			);
			runOnlyForDeploymentPostprocessing = 0;
		};
		78C100552CAB88D000DE625D /* Sources */ = {
			isa = PBXSourcesBuildPhase;
			buildActionMask = 2147483647;
			files = (
				78C100602CAB88D000DE625D /* JobSimpleUITestsLaunchTests.swift in Sources */,
				78C1005E2CAB88D000DE625D /* JobSimpleUITests.swift in Sources */,
			);
			runOnlyForDeploymentPostprocessing = 0;
		};
/* End PBXSourcesBuildPhase section */

/* Begin PBXTargetDependency section */
		78C100512CAB88D000DE625D /* PBXTargetDependency */ = {
			isa = PBXTargetDependency;
			target = 78C1003D2CAB88CD00DE625D /* JobSimple */;
			targetProxy = 78C100502CAB88D000DE625D /* PBXContainerItemProxy */;
		};
		78C1005B2CAB88D000DE625D /* PBXTargetDependency */ = {
			isa = PBXTargetDependency;
			target = 78C1003D2CAB88CD00DE625D /* JobSimple */;
			targetProxy = 78C1005A2CAB88D000DE625D /* PBXContainerItemProxy */;
		};
/* End PBXTargetDependency section */

/* Begin XCBuildConfiguration section */
		78C100612CAB88D000DE625D /* Debug */ = {
			isa = XCBuildConfiguration;
			buildSettings = {
				ALWAYS_SEARCH_USER_PATHS = NO;
				CLANG_ANALYZER_NONNULL = YES;
				CLANG_ANALYZER_NUMBER_OBJECT_CONVERSION = YES_AGGRESSIVE;
				CLANG_CXX_LANGUAGE_STANDARD = "gnu++20";
				CLANG_ENABLE_MODULES = YES;
				CLANG_ENABLE_OBJC_ARC = YES;
				CLANG_ENABLE_OBJC_WEAK = YES;
				CLANG_WARN_BLOCK_CAPTURE_AUTORELEASING = YES;
				CLANG_WARN_BOOL_CONVERSION = YES;
				CLANG_WARN_COMMA = YES;
				CLANG_WARN_CONSTANT_CONVERSION = YES;
				CLANG_WARN_DEPRECATED_OBJC_IMPLEMENTATIONS = YES;
				CLANG_WARN_DIRECT_OBJC_ISA_USAGE = YES_ERROR;
				CLANG_WARN_DOCUMENTATION_COMMENTS = YES;
				CLANG_WARN_EMPTY_BODY = YES;
				CLANG_WARN_ENUM_CONVERSION = YES;
				CLANG_WARN_INFINITE_RECURSION = YES;
				CLANG_WARN_INT_CONVERSION = YES;
				CLANG_WARN_NON_LITERAL_NULL_CONVERSION = YES;
				CLANG_WARN_OBJC_IMPLICIT_RETAIN_SELF = YES;
				CLANG_WARN_OBJC_LITERAL_CONVERSION = YES;
				CLANG_WARN_OBJC_ROOT_CLASS = YES_ERROR;
				CLANG_WARN_QUOTED_INCLUDE_IN_FRAMEWORK_HEADER = YES;
				CLANG_WARN_RANGE_LOOP_ANALYSIS = YES;
				CLANG_WARN_STRICT_PROTOTYPES = YES;
				CLANG_WARN_SUSPICIOUS_MOVE = YES;
				CLANG_WARN_UNGUARDED_AVAILABILITY = YES_AGGRESSIVE;
				CLANG_WARN_UNREACHABLE_CODE = YES;
				CLANG_WARN__DUPLICATE_METHOD_MATCH = YES;
				COPY_PHASE_STRIP = NO;
				DEBUG_INFORMATION_FORMAT = dwarf;
				ENABLE_STRICT_OBJC_MSGSEND = YES;
				ENABLE_TESTABILITY = YES;
				GCC_C_LANGUAGE_STANDARD = gnu11;
				GCC_DYNAMIC_NO_PIC = NO;
				GCC_NO_COMMON_BLOCKS = YES;
				GCC_OPTIMIZATION_LEVEL = 0;
				GCC_PREPROCESSOR_DEFINITIONS = (
					"DEBUG=1",
					"$(inherited)",
				);
				GCC_WARN_64_TO_32_BIT_CONVERSION = YES;
				GCC_WARN_ABOUT_RETURN_TYPE = YES_ERROR;
				GCC_WARN_UNDECLARED_SELECTOR = YES;
				GCC_WARN_UNINITIALIZED_AUTOS = YES_AGGRESSIVE;
				GCC_WARN_UNUSED_FUNCTION = YES;
				GCC_WARN_UNUSED_VARIABLE = YES;
				MTL_ENABLE_DEBUG_INFO = INCLUDE_SOURCE;
				MTL_FAST_MATH = YES;
				ONLY_ACTIVE_ARCH = YES;
				SWIFT_ACTIVE_COMPILATION_CONDITIONS = DEBUG;
				SWIFT_OPTIMIZATION_LEVEL = "-Onone";
			};
			name = Debug;
		};
		78C100622CAB88D000DE625D /* Release */ = {
			isa = XCBuildConfiguration;
			buildSettings = {
				ALWAYS_SEARCH_USER_PATHS = NO;
				CLANG_ANALYZER_NONNULL = YES;
				CLANG_ANALYZER_NUMBER_OBJECT_CONVERSION = YES_AGGRESSIVE;
				CLANG_CXX_LANGUAGE_STANDARD = "gnu++20";
				CLANG_ENABLE_MODULES = YES;
				CLANG_ENABLE_OBJC_ARC = YES;
				CLANG_ENABLE_OBJC_WEAK = YES;
				CLANG_WARN_BLOCK_CAPTURE_AUTORELEASING = YES;
				CLANG_WARN_BOOL_CONVERSION = YES;
				CLANG_WARN_COMMA = YES;
				CLANG_WARN_CONSTANT_CONVERSION = YES;
				CLANG_WARN_DEPRECATED_OBJC_IMPLEMENTATIONS = YES;
				CLANG_WARN_DIRECT_OBJC_ISA_USAGE = YES_ERROR;
				CLANG_WARN_DOCUMENTATION_COMMENTS = YES;
				CLANG_WARN_EMPTY_BODY = YES;
				CLANG_WARN_ENUM_CONVERSION = YES;
				CLANG_WARN_INFINITE_RECURSION = YES;
				CLANG_WARN_INT_CONVERSION = YES;
				CLANG_WARN_NON_LITERAL_NULL_CONVERSION = YES;
				CLANG_WARN_OBJC_IMPLICIT_RETAIN_SELF = YES;
				CLANG_WARN_OBJC_LITERAL_CONVERSION = YES;
				CLANG_WARN_OBJC_ROOT_CLASS = YES_ERROR;
				CLANG_WARN_QUOTED_INCLUDE_IN_FRAMEWORK_HEADER = YES;
				CLANG_WARN_RANGE_LOOP_ANALYSIS = YES;
				CLANG_WARN_STRICT_PROTOTYPES = YES;
				CLANG_WARN_SUSPICIOUS_MOVE = YES;
				CLANG_WARN_UNGUARDED_AVAILABILITY = YES_AGGRESSIVE;
				CLANG_WARN_UNREACHABLE_CODE = YES;
				CLANG_WARN__DUPLICATE_METHOD_MATCH = YES;
				COPY_PHASE_STRIP = NO;
				DEBUG_INFORMATION_FORMAT = "dwarf-with-dsym";
				ENABLE_NS_ASSERTIONS = NO;
				ENABLE_STRICT_OBJC_MSGSEND = YES;
				GCC_C_LANGUAGE_STANDARD = gnu11;
				GCC_NO_COMMON_BLOCKS = YES;
				GCC_WARN_64_TO_32_BIT_CONVERSION = YES;
				GCC_WARN_ABOUT_RETURN_TYPE = YES_ERROR;
				GCC_WARN_UNDECLARED_SELECTOR = YES;
				GCC_WARN_UNINITIALIZED_AUTOS = YES_AGGRESSIVE;
				GCC_WARN_UNUSED_FUNCTION = YES;
				GCC_WARN_UNUSED_VARIABLE = YES;
				MTL_ENABLE_DEBUG_INFO = NO;
				MTL_FAST_MATH = YES;
				SWIFT_COMPILATION_MODE = wholemodule;
				SWIFT_OPTIMIZATION_LEVEL = "-O";
			};
			name = Release;
		};
		78C100642CAB88D000DE625D /* Debug */ = {
			isa = XCBuildConfiguration;
			buildSettings = {
				ASSETCATALOG_COMPILER_APPICON_NAME = AppIcon;
				ASSETCATALOG_COMPILER_GLOBAL_ACCENT_COLOR_NAME = AccentColor;
				CODE_SIGN_ENTITLEMENTS = JobSimple/JobSimple.entitlements;
				CODE_SIGN_STYLE = Automatic;
				CURRENT_PROJECT_VERSION = 1;
				DEVELOPMENT_ASSET_PATHS = "\"JobSimple/Preview Content\"";
				ENABLE_PREVIEWS = YES;
				GENERATE_INFOPLIST_FILE = YES;
				"INFOPLIST_KEY_UIApplicationSceneManifest_Generation[sdk=iphoneos*]" = YES;
				"INFOPLIST_KEY_UIApplicationSceneManifest_Generation[sdk=iphonesimulator*]" = YES;
				"INFOPLIST_KEY_UIApplicationSupportsIndirectInputEvents[sdk=iphoneos*]" = YES;
				"INFOPLIST_KEY_UIApplicationSupportsIndirectInputEvents[sdk=iphonesimulator*]" = YES;
				"INFOPLIST_KEY_UILaunchScreen_Generation[sdk=iphoneos*]" = YES;
				"INFOPLIST_KEY_UILaunchScreen_Generation[sdk=iphonesimulator*]" = YES;
				"INFOPLIST_KEY_UIStatusBarStyle[sdk=iphoneos*]" = UIStatusBarStyleDefault;
				"INFOPLIST_KEY_UIStatusBarStyle[sdk=iphonesimulator*]" = UIStatusBarStyleDefault;
				INFOPLIST_KEY_UISupportedInterfaceOrientations_iPad = "UIInterfaceOrientationPortrait UIInterfaceOrientationPortraitUpsideDown UIInterfaceOrientationLandscapeLeft UIInterfaceOrientationLandscapeRight";
				INFOPLIST_KEY_UISupportedInterfaceOrientations_iPhone = "UIInterfaceOrientationPortrait UIInterfaceOrientationLandscapeLeft UIInterfaceOrientationLandscapeRight";
				IPHONEOS_DEPLOYMENT_TARGET = 16.4;
				LD_RUNPATH_SEARCH_PATHS = "@executable_path/Frameworks";
				"LD_RUNPATH_SEARCH_PATHS[sdk=macosx*]" = "@executable_path/../Frameworks";
				MACOSX_DEPLOYMENT_TARGET = 13.3;
				MARKETING_VERSION = 1.0;
				PRODUCT_BUNDLE_IDENTIFIER = "com.-example.-yaya.JobSimple";
				PRODUCT_NAME = "$(TARGET_NAME)";
				SDKROOT = auto;
				SUPPORTED_PLATFORMS = "iphoneos iphonesimulator macosx";
				SWIFT_EMIT_LOC_STRINGS = YES;
				SWIFT_VERSION = 5.0;
				TARGETED_DEVICE_FAMILY = "1,2";
			};
			name = Debug;
		};
		78C100652CAB88D000DE625D /* Release */ = {
			isa = XCBuildConfiguration;
			buildSettings = {
				ASSETCATALOG_COMPILER_APPICON_NAME = AppIcon;
				ASSETCATALOG_COMPILER_GLOBAL_ACCENT_COLOR_NAME = AccentColor;
				CODE_SIGN_ENTITLEMENTS = JobSimple/JobSimple.entitlements;
				CODE_SIGN_STYLE = Automatic;
				CURRENT_PROJECT_VERSION = 1;
				DEVELOPMENT_ASSET_PATHS = "\"JobSimple/Preview Content\"";
				ENABLE_PREVIEWS = YES;
				GENERATE_INFOPLIST_FILE = YES;
				"INFOPLIST_KEY_UIApplicationSceneManifest_Generation[sdk=iphoneos*]" = YES;
				"INFOPLIST_KEY_UIApplicationSceneManifest_Generation[sdk=iphonesimulator*]" = YES;
				"INFOPLIST_KEY_UIApplicationSupportsIndirectInputEvents[sdk=iphoneos*]" = YES;
				"INFOPLIST_KEY_UIApplicationSupportsIndirectInputEvents[sdk=iphonesimulator*]" = YES;
				"INFOPLIST_KEY_UILaunchScreen_Generation[sdk=iphoneos*]" = YES;
				"INFOPLIST_KEY_UILaunchScreen_Generation[sdk=iphonesimulator*]" = YES;
				"INFOPLIST_KEY_UIStatusBarStyle[sdk=iphoneos*]" = UIStatusBarStyleDefault;
				"INFOPLIST_KEY_UIStatusBarStyle[sdk=iphonesimulator*]" = UIStatusBarStyleDefault;
				INFOPLIST_KEY_UISupportedInterfaceOrientations_iPad = "UIInterfaceOrientationPortrait UIInterfaceOrientationPortraitUpsideDown UIInterfaceOrientationLandscapeLeft UIInterfaceOrientationLandscapeRight";
				INFOPLIST_KEY_UISupportedInterfaceOrientations_iPhone = "UIInterfaceOrientationPortrait UIInterfaceOrientationLandscapeLeft UIInterfaceOrientationLandscapeRight";
				IPHONEOS_DEPLOYMENT_TARGET = 16.4;
				LD_RUNPATH_SEARCH_PATHS = "@executable_path/Frameworks";
				"LD_RUNPATH_SEARCH_PATHS[sdk=macosx*]" = "@executable_path/../Frameworks";
				MACOSX_DEPLOYMENT_TARGET = 13.3;
				MARKETING_VERSION = 1.0;
				PRODUCT_BUNDLE_IDENTIFIER = "com.-example.-yaya.JobSimple";
				PRODUCT_NAME = "$(TARGET_NAME)";
				SDKROOT = auto;
				SUPPORTED_PLATFORMS = "iphoneos iphonesimulator macosx";
				SWIFT_EMIT_LOC_STRINGS = YES;
				SWIFT_VERSION = 5.0;
				TARGETED_DEVICE_FAMILY = "1,2";
			};
			name = Release;
		};
		78C100672CAB88D000DE625D /* Debug */ = {
			isa = XCBuildConfiguration;
			buildSettings = {
				ALWAYS_EMBED_SWIFT_STANDARD_LIBRARIES = YES;
				BUNDLE_LOADER = "$(TEST_HOST)";
				CODE_SIGN_STYLE = Automatic;
				CURRENT_PROJECT_VERSION = 1;
				GENERATE_INFOPLIST_FILE = YES;
				IPHONEOS_DEPLOYMENT_TARGET = 16.4;
				MACOSX_DEPLOYMENT_TARGET = 13.3;
				MARKETING_VERSION = 1.0;
				PRODUCT_BUNDLE_IDENTIFIER = "com.-example.-yaya.JobSimpleTests";
				PRODUCT_NAME = "$(TARGET_NAME)";
				SDKROOT = auto;
				SUPPORTED_PLATFORMS = "iphoneos iphonesimulator macosx";
				SWIFT_EMIT_LOC_STRINGS = NO;
				SWIFT_VERSION = 5.0;
				TARGETED_DEVICE_FAMILY = "1,2";
				TEST_HOST = "$(BUILT_PRODUCTS_DIR)/JobSimple.app/$(BUNDLE_EXECUTABLE_FOLDER_PATH)/JobSimple";
			};
			name = Debug;
		};
		78C100682CAB88D000DE625D /* Release */ = {
			isa = XCBuildConfiguration;
			buildSettings = {
				ALWAYS_EMBED_SWIFT_STANDARD_LIBRARIES = YES;
				BUNDLE_LOADER = "$(TEST_HOST)";
				CODE_SIGN_STYLE = Automatic;
				CURRENT_PROJECT_VERSION = 1;
				GENERATE_INFOPLIST_FILE = YES;
				IPHONEOS_DEPLOYMENT_TARGET = 16.4;
				MACOSX_DEPLOYMENT_TARGET = 13.3;
				MARKETING_VERSION = 1.0;
				PRODUCT_BUNDLE_IDENTIFIER = "com.-example.-yaya.JobSimpleTests";
				PRODUCT_NAME = "$(TARGET_NAME)";
				SDKROOT = auto;
				SUPPORTED_PLATFORMS = "iphoneos iphonesimulator macosx";
				SWIFT_EMIT_LOC_STRINGS = NO;
				SWIFT_VERSION = 5.0;
				TARGETED_DEVICE_FAMILY = "1,2";
				TEST_HOST = "$(BUILT_PRODUCTS_DIR)/JobSimple.app/$(BUNDLE_EXECUTABLE_FOLDER_PATH)/JobSimple";
			};
			name = Release;
		};
		78C1006A2CAB88D000DE625D /* Debug */ = {
			isa = XCBuildConfiguration;
			buildSettings = {
				ALWAYS_EMBED_SWIFT_STANDARD_LIBRARIES = YES;
				CODE_SIGN_STYLE = Automatic;
				CURRENT_PROJECT_VERSION = 1;
				GENERATE_INFOPLIST_FILE = YES;
				IPHONEOS_DEPLOYMENT_TARGET = 16.4;
				MACOSX_DEPLOYMENT_TARGET = 13.3;
				MARKETING_VERSION = 1.0;
				PRODUCT_BUNDLE_IDENTIFIER = "com.-example.-yaya.JobSimpleUITests";
				PRODUCT_NAME = "$(TARGET_NAME)";
				SDKROOT = auto;
				SUPPORTED_PLATFORMS = "iphoneos iphonesimulator macosx";
				SWIFT_EMIT_LOC_STRINGS = NO;
				SWIFT_VERSION = 5.0;
				TARGETED_DEVICE_FAMILY = "1,2";
				TEST_TARGET_NAME = JobSimple;
			};
			name = Debug;
		};
		78C1006B2CAB88D000DE625D /* Release */ = {
			isa = XCBuildConfiguration;
			buildSettings = {
				ALWAYS_EMBED_SWIFT_STANDARD_LIBRARIES = YES;
				CODE_SIGN_STYLE = Automatic;
				CURRENT_PROJECT_VERSION = 1;
				GENERATE_INFOPLIST_FILE = YES;
				IPHONEOS_DEPLOYMENT_TARGET = 16.4;
				MACOSX_DEPLOYMENT_TARGET = 13.3;
				MARKETING_VERSION = 1.0;
				PRODUCT_BUNDLE_IDENTIFIER = "com.-example.-yaya.JobSimpleUITests";
				PRODUCT_NAME = "$(TARGET_NAME)";
				SDKROOT = auto;
				SUPPORTED_PLATFORMS = "iphoneos iphonesimulator macosx";
				SWIFT_EMIT_LOC_STRINGS = NO;
				SWIFT_VERSION = 5.0;
				TARGETED_DEVICE_FAMILY = "1,2";
				TEST_TARGET_NAME = JobSimple;
			};
			name = Release;
		};
/* End XCBuildConfiguration section */

/* Begin XCConfigurationList section */
		78C100392CAB88CD00DE625D /* Build configuration list for PBXProject "JobSimple" */ = {
			isa = XCConfigurationList;
			buildConfigurations = (
				78C100612CAB88D000DE625D /* Debug */,
				78C100622CAB88D000DE625D /* Release */,
			);
			defaultConfigurationIsVisible = 0;
			defaultConfigurationName = Release;
		};
		78C100632CAB88D000DE625D /* Build configuration list for PBXNativeTarget "JobSimple" */ = {
			isa = XCConfigurationList;
			buildConfigurations = (
				78C100642CAB88D000DE625D /* Debug */,
				78C100652CAB88D000DE625D /* Release */,
			);
			defaultConfigurationIsVisible = 0;
			defaultConfigurationName = Release;
		};
		78C100662CAB88D000DE625D /* Build configuration list for PBXNativeTarget "JobSimpleTests" */ = {
			isa = XCConfigurationList;
			buildConfigurations = (
				78C100672CAB88D000DE625D /* Debug */,
				78C100682CAB88D000DE625D /* Release */,
			);
			defaultConfigurationIsVisible = 0;
			defaultConfigurationName = Release;
		};
		78C100692CAB88D000DE625D /* Build configuration list for PBXNativeTarget "JobSimpleUITests" */ = {
			isa = XCConfigurationList;
			buildConfigurations = (
				78C1006A2CAB88D000DE625D /* Debug */,
				78C1006B2CAB88D000DE625D /* Release */,
			);
			defaultConfigurationIsVisible = 0;
			defaultConfigurationName = Release;
		};
/* End XCConfigurationList section */

/* Begin XCRemoteSwiftPackageReference section */
		78C100762CAB8B0300DE625D /* XCRemoteSwiftPackageReference "firebase-ios-sdk" */ = {
			isa = XCRemoteSwiftPackageReference;
			repositoryURL = "https://github.com/firebase/firebase-ios-sdk.git";
			requirement = {
				kind = exactVersion;
				version = 10.0.0;
			};
		};
/* End XCRemoteSwiftPackageReference section */

/* Begin XCSwiftPackageProductDependency section */
		78C100772CAB8B0300DE625D /* FirebaseAnalytics */ = {
			isa = XCSwiftPackageProductDependency;
			package = 78C100762CAB8B0300DE625D /* XCRemoteSwiftPackageReference "firebase-ios-sdk" */;
			productName = FirebaseAnalytics;
		};
		78C100792CAB8B0300DE625D /* FirebaseAnalyticsOnDeviceConversion */ = {
			isa = XCSwiftPackageProductDependency;
			package = 78C100762CAB8B0300DE625D /* XCRemoteSwiftPackageReference "firebase-ios-sdk" */;
			productName = FirebaseAnalyticsOnDeviceConversion;
		};
		78C1007B2CAB8B0300DE625D /* FirebaseAnalyticsSwift */ = {
			isa = XCSwiftPackageProductDependency;
			package = 78C100762CAB8B0300DE625D /* XCRemoteSwiftPackageReference "firebase-ios-sdk" */;
			productName = FirebaseAnalyticsSwift;
		};
		78C1007D2CAB8B0300DE625D /* FirebaseAnalyticsWithoutAdIdSupport */ = {
			isa = XCSwiftPackageProductDependency;
			package = 78C100762CAB8B0300DE625D /* XCRemoteSwiftPackageReference "firebase-ios-sdk" */;
			productName = FirebaseAnalyticsWithoutAdIdSupport;
		};
		78C1007F2CAB8B0300DE625D /* FirebaseAppCheck */ = {
			isa = XCSwiftPackageProductDependency;
			package = 78C100762CAB8B0300DE625D /* XCRemoteSwiftPackageReference "firebase-ios-sdk" */;
			productName = FirebaseAppCheck;
		};
		78C100812CAB8B0300DE625D /* FirebaseAppDistribution-Beta */ = {
			isa = XCSwiftPackageProductDependency;
			package = 78C100762CAB8B0300DE625D /* XCRemoteSwiftPackageReference "firebase-ios-sdk" */;
			productName = "FirebaseAppDistribution-Beta";
		};
		78C100832CAB8B0300DE625D /* FirebaseAuth */ = {
			isa = XCSwiftPackageProductDependency;
			package = 78C100762CAB8B0300DE625D /* XCRemoteSwiftPackageReference "firebase-ios-sdk" */;
			productName = FirebaseAuth;
		};
		78C100852CAB8B0300DE625D /* FirebaseAuthCombine-Community */ = {
			isa = XCSwiftPackageProductDependency;
			package = 78C100762CAB8B0300DE625D /* XCRemoteSwiftPackageReference "firebase-ios-sdk" */;
			productName = "FirebaseAuthCombine-Community";
		};
		78C100872CAB8B0300DE625D /* FirebaseCrashlytics */ = {
			isa = XCSwiftPackageProductDependency;
			package = 78C100762CAB8B0300DE625D /* XCRemoteSwiftPackageReference "firebase-ios-sdk" */;
			productName = FirebaseCrashlytics;
		};
		78C100892CAB8B0300DE625D /* FirebaseDatabase */ = {
			isa = XCSwiftPackageProductDependency;
			package = 78C100762CAB8B0300DE625D /* XCRemoteSwiftPackageReference "firebase-ios-sdk" */;
			productName = FirebaseDatabase;
		};
		78C1008B2CAB8B0300DE625D /* FirebaseDatabaseSwift */ = {
			isa = XCSwiftPackageProductDependency;
			package = 78C100762CAB8B0300DE625D /* XCRemoteSwiftPackageReference "firebase-ios-sdk" */;
			productName = FirebaseDatabaseSwift;
		};
		78C1008D2CAB8B0300DE625D /* FirebaseDynamicLinks */ = {
			isa = XCSwiftPackageProductDependency;
			package = 78C100762CAB8B0300DE625D /* XCRemoteSwiftPackageReference "firebase-ios-sdk" */;
			productName = FirebaseDynamicLinks;
		};
		78C1008F2CAB8B0300DE625D /* FirebaseFirestore */ = {
			isa = XCSwiftPackageProductDependency;
			package = 78C100762CAB8B0300DE625D /* XCRemoteSwiftPackageReference "firebase-ios-sdk" */;
			productName = FirebaseFirestore;
		};
		78C100912CAB8B0300DE625D /* FirebaseFirestoreCombine-Community */ = {
			isa = XCSwiftPackageProductDependency;
			package = 78C100762CAB8B0300DE625D /* XCRemoteSwiftPackageReference "firebase-ios-sdk" */;
			productName = "FirebaseFirestoreCombine-Community";
		};
		78C100932CAB8B0300DE625D /* FirebaseFirestoreSwift */ = {
			isa = XCSwiftPackageProductDependency;
			package = 78C100762CAB8B0300DE625D /* XCRemoteSwiftPackageReference "firebase-ios-sdk" */;
			productName = FirebaseFirestoreSwift;
		};
		78C100952CAB8B0300DE625D /* FirebaseFunctions */ = {
			isa = XCSwiftPackageProductDependency;
			package = 78C100762CAB8B0300DE625D /* XCRemoteSwiftPackageReference "firebase-ios-sdk" */;
			productName = FirebaseFunctions;
		};
		78C100972CAB8B0300DE625D /* FirebaseFunctionsCombine-Community */ = {
			isa = XCSwiftPackageProductDependency;
			package = 78C100762CAB8B0300DE625D /* XCRemoteSwiftPackageReference "firebase-ios-sdk" */;
			productName = "FirebaseFunctionsCombine-Community";
		};
		78C100992CAB8B0300DE625D /* FirebaseInAppMessaging-Beta */ = {
			isa = XCSwiftPackageProductDependency;
			package = 78C100762CAB8B0300DE625D /* XCRemoteSwiftPackageReference "firebase-ios-sdk" */;
			productName = "FirebaseInAppMessaging-Beta";
		};
		78C1009B2CAB8B0300DE625D /* FirebaseInAppMessagingSwift-Beta */ = {
			isa = XCSwiftPackageProductDependency;
			package = 78C100762CAB8B0300DE625D /* XCRemoteSwiftPackageReference "firebase-ios-sdk" */;
			productName = "FirebaseInAppMessagingSwift-Beta";
		};
		78C1009D2CAB8B0300DE625D /* FirebaseInstallations */ = {
			isa = XCSwiftPackageProductDependency;
			package = 78C100762CAB8B0300DE625D /* XCRemoteSwiftPackageReference "firebase-ios-sdk" */;
			productName = FirebaseInstallations;
		};
		78C1009F2CAB8B0300DE625D /* FirebaseMLModelDownloader */ = {
			isa = XCSwiftPackageProductDependency;
			package = 78C100762CAB8B0300DE625D /* XCRemoteSwiftPackageReference "firebase-ios-sdk" */;
			productName = FirebaseMLModelDownloader;
		};
		78C100A12CAB8B0300DE625D /* FirebaseMessaging */ = {
			isa = XCSwiftPackageProductDependency;
			package = 78C100762CAB8B0300DE625D /* XCRemoteSwiftPackageReference "firebase-ios-sdk" */;
			productName = FirebaseMessaging;
		};
		78C100A32CAB8B0300DE625D /* FirebasePerformance */ = {
			isa = XCSwiftPackageProductDependency;
			package = 78C100762CAB8B0300DE625D /* XCRemoteSwiftPackageReference "firebase-ios-sdk" */;
			productName = FirebasePerformance;
		};
		78C100A52CAB8B0300DE625D /* FirebaseRemoteConfig */ = {
			isa = XCSwiftPackageProductDependency;
			package = 78C100762CAB8B0300DE625D /* XCRemoteSwiftPackageReference "firebase-ios-sdk" */;
			productName = FirebaseRemoteConfig;
		};
		78C100A72CAB8B0300DE625D /* FirebaseRemoteConfigSwift */ = {
			isa = XCSwiftPackageProductDependency;
			package = 78C100762CAB8B0300DE625D /* XCRemoteSwiftPackageReference "firebase-ios-sdk" */;
			productName = FirebaseRemoteConfigSwift;
		};
		78C100A92CAB8B0300DE625D /* FirebaseStorage */ = {
			isa = XCSwiftPackageProductDependency;
			package = 78C100762CAB8B0300DE625D /* XCRemoteSwiftPackageReference "firebase-ios-sdk" */;
			productName = FirebaseStorage;
		};
		78C100AB2CAB8B0300DE625D /* FirebaseStorageCombine-Community */ = {
			isa = XCSwiftPackageProductDependency;
			package = 78C100762CAB8B0300DE625D /* XCRemoteSwiftPackageReference "firebase-ios-sdk" */;
			productName = "FirebaseStorageCombine-Community";
		};
/* End XCSwiftPackageProductDependency section */
	};
	rootObject = 78C100362CAB88CD00DE625D /* Project object */;
}
